
Microsoft Visual Studio Solution File, Format Version 12.00
# Visual Studio Version 17
VisualStudioVersion = 17.5.002.0
MinimumVisualStudioVersion = 10.0.40219.1
Project("{2150E333-8FDC-42A3-9474-1A3956D46DE8}") = "csharp-prep", "csharp-prep", "{649270B5-E8D8-4521-898B-C9D32C9AA4F6}"
EndProject
Project("{9A19103F-16F7-4668-BE54-9A1E7A4F7556}") = "Prep1", "csharp-prep\Prep1\Prep1.csproj", "{76D2CF30-5C5E-411D-8C0C-9C90E2BFD4E2}"
EndProject
Project("{9A19103F-16F7-4668-BE54-9A1E7A4F7556}") = "Prep2", "csharp-prep\Prep2\Prep2.csproj", "{7235097E-8F7B-42A8-8F06-C64BFF6168FA}"
EndProject
Project("{9A19103F-16F7-4668-BE54-9A1E7A4F7556}") = "Prep3", "csharp-prep\Prep3\Prep3.csproj", "{FFBCBE39-7696-43C0-9ADC-BE3288C5DC97}"
EndProject
Project("{9A19103F-16F7-4668-BE54-9A1E7A4F7556}") = "Prep4", "csharp-prep\Prep4\Prep4.csproj", "{B3F132E3-EFC8-4E9F-A954-63C2FBC6772D}"
EndProject
Project("{9A19103F-16F7-4668-BE54-9A1E7A4F7556}") = "Prep5", "csharp-prep\Prep5\Prep5.csproj", "{58377CD1-E2B5-47B7-A3CC-4E3A3787EB8B}"
EndProject
Project("{2150E333-8FDC-42A3-9474-1A3956D46DE8}") = "final", "final", "{DEA68419-B0DD-448F-8559-6E5C55E82850}"
EndProject
Project("{9A19103F-16F7-4668-BE54-9A1E7A4F7556}") = "FinalProject", "final\FinalProject\FinalProject.csproj", "{24BD7CBA-C7E0-4534-A06F-E9B0B8948E56}"
EndProject
Project("{9A19103F-16F7-4668-BE54-9A1E7A4F7556}") = "Foundation1", "final\Foundation1\Foundation1.csproj", "{680135CE-150D-4D8E-B926-DE64C8AFB2BA}"
EndProject
Project("{9A19103F-16F7-4668-BE54-9A1E7A4F7556}") = "Foundation2", "final\Foundation2\Foundation2.csproj", "{1EE135FD-B68E-4911-A06F-8B26E7366861}"
EndProject
Project("{9A19103F-16F7-4668-BE54-9A1E7A4F7556}") = "Foundation3", "final\Foundation3\Foundation3.csproj", "{59F2D068-CB4B-45C3-942D-15CF339C36FE}"
EndProject
Project("{9A19103F-16F7-4668-BE54-9A1E7A4F7556}") = "Foundation4", "final\Foundation4\Foundation4.csproj", "{26128909-3E0D-484F-8D50-F18D797E9F9E}"
EndProject
Project("{2150E333-8FDC-42A3-9474-1A3956D46DE8}") = "prepare", "prepare", "{9A3CCF38-E925-4577-969F-E068C39C1672}"
EndProject
Project("{9A19103F-16F7-4668-BE54-9A1E7A4F7556}") = "Learning02", "prepare\Learning02\Learning02.csproj", "{335DF0BD-142D-44B5-945E-40CA137C1416}"
EndProject
Project("{9A19103F-16F7-4668-BE54-9A1E7A4F7556}") = "Learning03", "prepare\Learning03\Learning03.csproj", "{EB52E0E0-4F8E-4BB5-B75B-C1BA1C9EFC67}"
EndProject
Project("{9A19103F-16F7-4668-BE54-9A1E7A4F7556}") = "Learning04", "prepare\Learning04\Learning04.csproj", "{CDF33189-E7AE-4C42-BF72-66443FB4F045}"
EndProject
Project("{9A19103F-16F7-4668-BE54-9A1E7A4F7556}") = "Learning05", "prepare\Learning05\Learning05.csproj", "{67B98861-A814-4BBC-8370-F65702291043}"
EndProject
Project("{2150E333-8FDC-42A3-9474-1A3956D46DE8}") = "prove", "prove", "{48826586-CAEE-4154-8B61-758191E1F958}"
EndProject
Project("{9A19103F-16F7-4668-BE54-9A1E7A4F7556}") = "Develop02", "prove\Develop02\Develop02.csproj", "{02A8116E-96DC-40C0-8149-B079F0C5F39B}"
EndProject
Project("{9A19103F-16F7-4668-BE54-9A1E7A4F7556}") = "Develop03", "prove\Develop03\Develop03.csproj", "{4B00D4CB-A9E6-4A22-BE16-C2F7B5DD3501}"
EndProject
Project("{9A19103F-16F7-4668-BE54-9A1E7A4F7556}") = "Develop04", "prove\Develop04\Develop04.csproj", "{1FEECF6E-C2BF-4FC1-9280-187C542C7B64}"
EndProject
Project("{9A19103F-16F7-4668-BE54-9A1E7A4F7556}") = "Develop05", "prove\Develop05\Develop05.csproj", "{21BBD127-9B57-4DEB-80C9-413BEBA33B1D}"
EndProject
Project("{2150E333-8FDC-42A3-9474-1A3956D46DE8}") = "sandbox", "sandbox", "{EC8C46A0-E328-4F08-9C21-BF503C735799}"
EndProject
Project("{9A19103F-16F7-4668-BE54-9A1E7A4F7556}") = "Sandbox", "sandbox\Sandbox\Sandbox.csproj", "{79065C68-9F41-4F27-BA4C-15E970BF15AF}"
EndProject
Global
	GlobalSection(SolutionConfigurationPlatforms) = preSolution
		Debug|Any CPU = Debug|Any CPU
		Release|Any CPU = Release|Any CPU
	EndGlobalSection
	GlobalSection(ProjectConfigurationPlatforms) = postSolution
		{76D2CF30-5C5E-411D-8C0C-9C90E2BFD4E2}.Debug|Any CPU.ActiveCfg = Debug|Any CPU
		{76D2CF30-5C5E-411D-8C0C-9C90E2BFD4E2}.Debug|Any CPU.Build.0 = Debug|Any CPU
		{76D2CF30-5C5E-411D-8C0C-9C90E2BFD4E2}.Release|Any CPU.ActiveCfg = Release|Any CPU
		{76D2CF30-5C5E-411D-8C0C-9C90E2BFD4E2}.Release|Any CPU.Build.0 = Release|Any CPU
		{7235097E-8F7B-42A8-8F06-C64BFF6168FA}.Debug|Any CPU.ActiveCfg = Debug|Any CPU
		{7235097E-8F7B-42A8-8F06-C64BFF6168FA}.Debug|Any CPU.Build.0 = Debug|Any CPU
		{7235097E-8F7B-42A8-8F06-C64BFF6168FA}.Release|Any CPU.ActiveCfg = Release|Any CPU
		{7235097E-8F7B-42A8-8F06-C64BFF6168FA}.Release|Any CPU.Build.0 = Release|Any CPU
		{FFBCBE39-7696-43C0-9ADC-BE3288C5DC97}.Debug|Any CPU.ActiveCfg = Debug|Any CPU
		{FFBCBE39-7696-43C0-9ADC-BE3288C5DC97}.Debug|Any CPU.Build.0 = Debug|Any CPU
		{FFBCBE39-7696-43C0-9ADC-BE3288C5DC97}.Release|Any CPU.ActiveCfg = Release|Any CPU
		{FFBCBE39-7696-43C0-9ADC-BE3288C5DC97}.Release|Any CPU.Build.0 = Release|Any CPU
		{B3F132E3-EFC8-4E9F-A954-63C2FBC6772D}.Debug|Any CPU.ActiveCfg = Debug|Any CPU
		{B3F132E3-EFC8-4E9F-A954-63C2FBC6772D}.Debug|Any CPU.Build.0 = Debug|Any CPU
		{B3F132E3-EFC8-4E9F-A954-63C2FBC6772D}.Release|Any CPU.ActiveCfg = Release|Any CPU
		{B3F132E3-EFC8-4E9F-A954-63C2FBC6772D}.Release|Any CPU.Build.0 = Release|Any CPU
		{58377CD1-E2B5-47B7-A3CC-4E3A3787EB8B}.Debug|Any CPU.ActiveCfg = Debug|Any CPU
		{58377CD1-E2B5-47B7-A3CC-4E3A3787EB8B}.Debug|Any CPU.Build.0 = Debug|Any CPU
		{58377CD1-E2B5-47B7-A3CC-4E3A3787EB8B}.Release|Any CPU.ActiveCfg = Release|Any CPU
		{58377CD1-E2B5-47B7-A3CC-4E3A3787EB8B}.Release|Any CPU.Build.0 = Release|Any CPU
		{24BD7CBA-C7E0-4534-A06F-E9B0B8948E56}.Debug|Any CPU.ActiveCfg = Debug|Any CPU
		{24BD7CBA-C7E0-4534-A06F-E9B0B8948E56}.Debug|Any CPU.Build.0 = Debug|Any CPU
		{24BD7CBA-C7E0-4534-A06F-E9B0B8948E56}.Release|Any CPU.ActiveCfg = Release|Any CPU
		{24BD7CBA-C7E0-4534-A06F-E9B0B8948E56}.Release|Any CPU.Build.0 = Release|Any CPU
		{680135CE-150D-4D8E-B926-DE64C8AFB2BA}.Debug|Any CPU.ActiveCfg = Debug|Any CPU
		{680135CE-150D-4D8E-B926-DE64C8AFB2BA}.Debug|Any CPU.Build.0 = Debug|Any CPU
		{680135CE-150D-4D8E-B926-DE64C8AFB2BA}.Release|Any CPU.ActiveCfg = Release|Any CPU
		{680135CE-150D-4D8E-B926-DE64C8AFB2BA}.Release|Any CPU.Build.0 = Release|Any CPU
		{1EE135FD-B68E-4911-A06F-8B26E7366861}.Debug|Any CPU.ActiveCfg = Debug|Any CPU
		{1EE135FD-B68E-4911-A06F-8B26E7366861}.Debug|Any CPU.Build.0 = Debug|Any CPU
		{1EE135FD-B68E-4911-A06F-8B26E7366861}.Release|Any CPU.ActiveCfg = Release|Any CPU
		{1EE135FD-B68E-4911-A06F-8B26E7366861}.Release|Any CPU.Build.0 = Release|Any CPU
		{59F2D068-CB4B-45C3-942D-15CF339C36FE}.Debug|Any CPU.ActiveCfg = Debug|Any CPU
		{59F2D068-CB4B-45C3-942D-15CF339C36FE}.Debug|Any CPU.Build.0 = Debug|Any CPU
		{59F2D068-CB4B-45C3-942D-15CF339C36FE}.Release|Any CPU.ActiveCfg = Release|Any CPU
		{59F2D068-CB4B-45C3-942D-15CF339C36FE}.Release|Any CPU.Build.0 = Release|Any CPU
		{26128909-3E0D-484F-8D50-F18D797E9F9E}.Debug|Any CPU.ActiveCfg = Debug|Any CPU
		{26128909-3E0D-484F-8D50-F18D797E9F9E}.Debug|Any CPU.Build.0 = Debug|Any CPU
		{26128909-3E0D-484F-8D50-F18D797E9F9E}.Release|Any CPU.ActiveCfg = Release|Any CPU
		{26128909-3E0D-484F-8D50-F18D797E9F9E}.Release|Any CPU.Build.0 = Release|Any CPU
		{335DF0BD-142D-44B5-945E-40CA137C1416}.Debug|Any CPU.ActiveCfg = Debug|Any CPU
		{335DF0BD-142D-44B5-945E-40CA137C1416}.Debug|Any CPU.Build.0 = Debug|Any CPU
		{335DF0BD-142D-44B5-945E-40CA137C1416}.Release|Any CPU.ActiveCfg = Release|Any CPU
		{335DF0BD-142D-44B5-945E-40CA137C1416}.Release|Any CPU.Build.0 = Release|Any CPU
		{EB52E0E0-4F8E-4BB5-B75B-C1BA1C9EFC67}.Debug|Any CPU.ActiveCfg = Debug|Any CPU
		{EB52E0E0-4F8E-4BB5-B75B-C1BA1C9EFC67}.Debug|Any CPU.Build.0 = Debug|Any CPU
		{EB52E0E0-4F8E-4BB5-B75B-C1BA1C9EFC67}.Release|Any CPU.ActiveCfg = Release|Any CPU
		{EB52E0E0-4F8E-4BB5-B75B-C1BA1C9EFC67}.Release|Any CPU.Build.0 = Release|Any CPU
		{CDF33189-E7AE-4C42-BF72-66443FB4F045}.Debug|Any CPU.ActiveCfg = Debug|Any CPU
		{CDF33189-E7AE-4C42-BF72-66443FB4F045}.Debug|Any CPU.Build.0 = Debug|Any CPU
		{CDF33189-E7AE-4C42-BF72-66443FB4F045}.Release|Any CPU.ActiveCfg = Release|Any CPU
		{CDF33189-E7AE-4C42-BF72-66443FB4F045}.Release|Any CPU.Build.0 = Release|Any CPU
		{67B98861-A814-4BBC-8370-F65702291043}.Debug|Any CPU.ActiveCfg = Debug|Any CPU
		{67B98861-A814-4BBC-8370-F65702291043}.Debug|Any CPU.Build.0 = Debug|Any CPU
		{67B98861-A814-4BBC-8370-F65702291043}.Release|Any CPU.ActiveCfg = Release|Any CPU
		{67B98861-A814-4BBC-8370-F65702291043}.Release|Any CPU.Build.0 = Release|Any CPU
		{02A8116E-96DC-40C0-8149-B079F0C5F39B}.Debug|Any CPU.ActiveCfg = Debug|Any CPU
		{02A8116E-96DC-40C0-8149-B079F0C5F39B}.Debug|Any CPU.Build.0 = Debug|Any CPU
		{02A8116E-96DC-40C0-8149-B079F0C5F39B}.Release|Any CPU.ActiveCfg = Release|Any CPU
		{02A8116E-96DC-40C0-8149-B079F0C5F39B}.Release|Any CPU.Build.0 = Release|Any CPU
		{4B00D4CB-A9E6-4A22-BE16-C2F7B5DD3501}.Debug|Any CPU.ActiveCfg = Debug|Any CPU
		{4B00D4CB-A9E6-4A22-BE16-C2F7B5DD3501}.Debug|Any CPU.Build.0 = Debug|Any CPU
		{4B00D4CB-A9E6-4A22-BE16-C2F7B5DD3501}.Release|Any CPU.ActiveCfg = Release|Any CPU
		{4B00D4CB-A9E6-4A22-BE16-C2F7B5DD3501}.Release|Any CPU.Build.0 = Release|Any CPU
		{1FEECF6E-C2BF-4FC1-9280-187C542C7B64}.Debug|Any CPU.ActiveCfg = Debug|Any CPU
		{1FEECF6E-C2BF-4FC1-9280-187C542C7B64}.Debug|Any CPU.Build.0 = Debug|Any CPU
		{1FEECF6E-C2BF-4FC1-9280-187C542C7B64}.Release|Any CPU.ActiveCfg = Release|Any CPU
		{1FEECF6E-C2BF-4FC1-9280-187C542C7B64}.Release|Any CPU.Build.0 = Release|Any CPU
		{21BBD127-9B57-4DEB-80C9-413BEBA33B1D}.Debug|Any CPU.ActiveCfg = Debug|Any CPU
		{21BBD127-9B57-4DEB-80C9-413BEBA33B1D}.Debug|Any CPU.Build.0 = Debug|Any CPU
		{21BBD127-9B57-4DEB-80C9-413BEBA33B1D}.Release|Any CPU.ActiveCfg = Release|Any CPU
		{21BBD127-9B57-4DEB-80C9-413BEBA33B1D}.Release|Any CPU.Build.0 = Release|Any CPU
		{79065C68-9F41-4F27-BA4C-15E970BF15AF}.Debug|Any CPU.ActiveCfg = Debug|Any CPU
		{79065C68-9F41-4F27-BA4C-15E970BF15AF}.Debug|Any CPU.Build.0 = Debug|Any CPU
		{79065C68-9F41-4F27-BA4C-15E970BF15AF}.Release|Any CPU.ActiveCfg = Release|Any CPU
		{79065C68-9F41-4F27-BA4C-15E970BF15AF}.Release|Any CPU.Build.0 = Release|Any CPU
	EndGlobalSection
	GlobalSection(SolutionProperties) = preSolution
		HideSolutionNode = FALSE
	EndGlobalSection
	GlobalSection(NestedProjects) = preSolution
		{76D2CF30-5C5E-411D-8C0C-9C90E2BFD4E2} = {649270B5-E8D8-4521-898B-C9D32C9AA4F6}
		{7235097E-8F7B-42A8-8F06-C64BFF6168FA} = {649270B5-E8D8-4521-898B-C9D32C9AA4F6}
		{FFBCBE39-7696-43C0-9ADC-BE3288C5DC97} = {649270B5-E8D8-4521-898B-C9D32C9AA4F6}
		{B3F132E3-EFC8-4E9F-A954-63C2FBC6772D} = {649270B5-E8D8-4521-898B-C9D32C9AA4F6}
		{58377CD1-E2B5-47B7-A3CC-4E3A3787EB8B} = {649270B5-E8D8-4521-898B-C9D32C9AA4F6}
		{24BD7CBA-C7E0-4534-A06F-E9B0B8948E56} = {DEA68419-B0DD-448F-8559-6E5C55E82850}
		{680135CE-150D-4D8E-B926-DE64C8AFB2BA} = {DEA68419-B0DD-448F-8559-6E5C55E82850}
		{1EE135FD-B68E-4911-A06F-8B26E7366861} = {DEA68419-B0DD-448F-8559-6E5C55E82850}
		{59F2D068-CB4B-45C3-942D-15CF339C36FE} = {DEA68419-B0DD-448F-8559-6E5C55E82850}
		{26128909-3E0D-484F-8D50-F18D797E9F9E} = {DEA68419-B0DD-448F-8559-6E5C55E82850}
		{335DF0BD-142D-44B5-945E-40CA137C1416} = {9A3CCF38-E925-4577-969F-E068C39C1672}
		{EB52E0E0-4F8E-4BB5-B75B-C1BA1C9EFC67} = {9A3CCF38-E925-4577-969F-E068C39C1672}
		{CDF33189-E7AE-4C42-BF72-66443FB4F045} = {9A3CCF38-E925-4577-969F-E068C39C1672}
		{67B98861-A814-4BBC-8370-F65702291043} = {9A3CCF38-E925-4577-969F-E068C39C1672}
		{02A8116E-96DC-40C0-8149-B079F0C5F39B} = {48826586-CAEE-4154-8B61-758191E1F958}
		{4B00D4CB-A9E6-4A22-BE16-C2F7B5DD3501} = {48826586-CAEE-4154-8B61-758191E1F958}
		{1FEECF6E-C2BF-4FC1-9280-187C542C7B64} = {48826586-CAEE-4154-8B61-758191E1F958}
		{21BBD127-9B57-4DEB-80C9-413BEBA33B1D} = {48826586-CAEE-4154-8B61-758191E1F958}
		{79065C68-9F41-4F27-BA4C-15E970BF15AF} = {EC8C46A0-E328-4F08-9C21-BF503C735799}
	EndGlobalSection
	GlobalSection(ExtensibilityGlobals) = postSolution
		SolutionGuid = {0D70F801-FA3B-4CF8-B4A5-2AF63C469AE6}
	EndGlobalSection
EndGlobal
